
Microsoft Visual Studio Solution File, Format Version 12.00
# Visual Studio 15
VisualStudioVersion = 15.0.26403.7
MinimumVisualStudioVersion = 10.0.40219.1
Project("{FAE04EC0-301F-11D3-BF4B-00C04F79EFBC}") = "RPCS3PatchEboot", "RPCS3PatchEboot\RPCS3PatchEboot.csproj", "{A009B748-1775-4FE6-AA99-8B91A43386ED}"
EndProject
Global
	GlobalSection(SolutionConfigurationPlatforms) = preSolution
		Debug|Any CPU = Debug|Any CPU
		Release|Any CPU = Release|Any CPU
	EndGlobalSection
	GlobalSection(ProjectConfigurationPlatforms) = postSolution
		{A009B748-1775-4FE6-AA99-8B91A43386ED}.Debug|Any CPU.ActiveCfg = Debug|Any CPU
		{A009B748-1775-4FE6-AA99-8B91A43386ED}.Debug|Any CPU.Build.0 = Debug|Any CPU
		{A009B748-1775-4FE6-AA99-8B91A43386ED}.Release|Any CPU.ActiveCfg = Release|Any CPU
		{A009B748-1775-4FE6-AA99-8B91A43386ED}.Release|Any CPU.Build.0 = Release|Any CPU
	EndGlobalSection
	GlobalSection(SolutionProperties) = preSolution
		HideSolutionNode = FALSE
	EndGlobalSection
EndGlobal
